
Microsoft Visual Studio Solution File, Format Version 12.00
# Visual Studio Version 17
VisualStudioVersion = 17.14.36109.1 d17.14
MinimumVisualStudioVersion = 10.0.40219.1
Project("{FAE04EC0-301F-11D3-BF4B-00C04F79EFBC}") = "GoSolar.API", "GoSolar.API.csproj", "{21439AC3-0223-4C05-8DED-7284E38959CE}"
EndProject
Global
	GlobalSection(SolutionConfigurationPlatforms) = preSolution
		Debug|Any CPU = Debug|Any CPU
		Release|Any CPU = Release|Any CPU
	EndGlobalSection
	GlobalSection(ProjectConfigurationPlatforms) = postSolution
		{21439AC3-0223-4C05-8DED-7284E38959CE}.Debug|Any CPU.ActiveCfg = Debug|Any CPU
		{21439AC3-0223-4C05-8DED-7284E38959CE}.Debug|Any CPU.Build.0 = Debug|Any CPU
		{21439AC3-0223-4C05-8DED-7284E38959CE}.Release|Any CPU.ActiveCfg = Release|Any CPU
		{21439AC3-0223-4C05-8DED-7284E38959CE}.Release|Any CPU.Build.0 = Release|Any CPU
	EndGlobalSection
	GlobalSection(SolutionProperties) = preSolution
		HideSolutionNode = FALSE
	EndGlobalSection
	GlobalSection(ExtensibilityGlobals) = postSolution
		SolutionGuid = {5E25557D-9306-4D92-BAB2-7E99CFD29996}
	EndGlobalSection
EndGlobal
